{
  "name": "type-time",
  "version": "1.0.0",
  "lockfileVersion": 1,
  "dependencies": {
    "@types/node": {
      "version": "8.0.10",
      "resolved": "https://registry.npmjs.org/@types/node/-/node-8.0.10.tgz",
      "integrity": "sha512-ATKQAMGah+e3qNBVdJoCIJk3+RWBkPYtmlluGewO1+t/JmkXEoLnt/WDgHynfGvJyQWTKMq+N1az1E/5YASYGg=="
    },
    "@types/uuid": {
      "version": "3.0.0",
      "resolved": "https://registry.npmjs.org/@types/uuid/-/uuid-3.0.0.tgz",
      "integrity": "sha512-CGaBAcUB4o+YTaUBZ2VfBc7PcIZXwHflZs4FDtr5Kk7MpAl0PVfH7W/VqoHH+OAG41d9YSCV8eWDfz/KKqVm+A=="
    },
    "typescript": {
      "version": "2.4.1",
      "resolved": "https://registry.npmjs.org/typescript/-/typescript-2.4.1.tgz",
      "integrity": "sha1-w8yxbdqgsjFN4DHn5v7onlujRrw="
    },
    "uuid": {
      "version": "3.1.0",
      "resolved": "https://registry.npmjs.org/uuid/-/uuid-3.1.0.tgz",
      "integrity": "sha512-DIWtzUkw04M4k3bf1IcpS2tngXEL26YUD2M0tMDUpnUrz2hgzUBlD55a4FjdLGPvfHxS6uluGWvaVEqgBcVa+g=="
    }
  }
}
